
Microsoft Visual Studio Solution File, Format Version 12.00
# Visual Studio Version 16
VisualStudioVersion = 16.0.31515.178
MinimumVisualStudioVersion = 10.0.40219.1
Project("{9A19103F-16F7-4668-BE54-9A1E7A4F7556}") = "OnlineTesty_PracaInzynierska", "OnlineTesty_PracaInzynierska\OnlineTesty_PracaInzynierska.csproj", "{0D056989-3FB8-4FBB-B904-9303B2806B61}"
EndProject
Project("{9A19103F-16F7-4668-BE54-9A1E7A4F7556}") = "OnlineTesty_Library", "OnlineTesty_Library\OnlineTesty_Library.csproj", "{56313B1B-F953-4FDC-BF25-482F23134DB4}"
EndProject
Global
	GlobalSection(SolutionConfigurationPlatforms) = preSolution
		Debug|Any CPU = Debug|Any CPU
		Release|Any CPU = Release|Any CPU
	EndGlobalSection
	GlobalSection(ProjectConfigurationPlatforms) = postSolution
		{0D056989-3FB8-4FBB-B904-9303B2806B61}.Debug|Any CPU.ActiveCfg = Debug|Any CPU
		{0D056989-3FB8-4FBB-B904-9303B2806B61}.Debug|Any CPU.Build.0 = Debug|Any CPU
		{0D056989-3FB8-4FBB-B904-9303B2806B61}.Release|Any CPU.ActiveCfg = Release|Any CPU
		{0D056989-3FB8-4FBB-B904-9303B2806B61}.Release|Any CPU.Build.0 = Release|Any CPU
		{56313B1B-F953-4FDC-BF25-482F23134DB4}.Debug|Any CPU.ActiveCfg = Debug|Any CPU
		{56313B1B-F953-4FDC-BF25-482F23134DB4}.Debug|Any CPU.Build.0 = Debug|Any CPU
		{56313B1B-F953-4FDC-BF25-482F23134DB4}.Release|Any CPU.ActiveCfg = Release|Any CPU
		{56313B1B-F953-4FDC-BF25-482F23134DB4}.Release|Any CPU.Build.0 = Release|Any CPU
	EndGlobalSection
	GlobalSection(SolutionProperties) = preSolution
		HideSolutionNode = FALSE
	EndGlobalSection
	GlobalSection(ExtensibilityGlobals) = postSolution
		SolutionGuid = {F5C21D93-C164-403D-97F7-54518EC6A582}
	EndGlobalSection
EndGlobal
